// !$*UTF8*$!
{
	archiveVersion = 1;
	classes = {
	};
	objectVersion = 55;
	objects = {

/* Begin PBXBuildFile section */
		B409F3ED275CD9F000AB5E85 /* day5.txt in Resources */ = {isa = PBXBuildFile; fileRef = B409F3EC275CD9F000AB5E85 /* day5.txt */; };
		B409F3F0275CDA6100AB5E85 /* Day5.swift in Sources */ = {isa = PBXBuildFile; fileRef = B409F3EF275CDA6100AB5E85 /* Day5.swift */; };
		B409F3F2275CEA6500AB5E85 /* ThermalVentsView.swift in Sources */ = {isa = PBXBuildFile; fileRef = B409F3F1275CEA6500AB5E85 /* ThermalVentsView.swift */; };
		B409F3F4275CF1FC00AB5E85 /* Day5SolutionView.swift in Sources */ = {isa = PBXBuildFile; fileRef = B409F3F3275CF1FC00AB5E85 /* Day5SolutionView.swift */; };
		B409F3F7275CFCFC00AB5E85 /* ThermalVentCollectionViewCell.swift in Sources */ = {isa = PBXBuildFile; fileRef = B409F3F5275CFCFC00AB5E85 /* ThermalVentCollectionViewCell.swift */; };
		B409F3F8275CFCFC00AB5E85 /* ThermalVentCollectionViewCell.xib in Resources */ = {isa = PBXBuildFile; fileRef = B409F3F6275CFCFC00AB5E85 /* ThermalVentCollectionViewCell.xib */; };
		B422A4B727580AB200AD5512 /* AoC2021App.swift in Sources */ = {isa = PBXBuildFile; fileRef = B422A4B627580AB200AD5512 /* AoC2021App.swift */; };
		B422A4BB27580AB300AD5512 /* Assets.xcassets in Resources */ = {isa = PBXBuildFile; fileRef = B422A4BA27580AB300AD5512 /* Assets.xcassets */; };
		B422A4BE27580AB300AD5512 /* Preview Assets.xcassets in Resources */ = {isa = PBXBuildFile; fileRef = B422A4BD27580AB300AD5512 /* Preview Assets.xcassets */; };
		B422A4C727580B6200AD5512 /* SonarSweepView.swift in Sources */ = {isa = PBXBuildFile; fileRef = B422A4C627580B6200AD5512 /* SonarSweepView.swift */; };
		B422A4C9275811F200AD5512 /* day1.txt in Resources */ = {isa = PBXBuildFile; fileRef = B422A4C8275811F200AD5512 /* day1.txt */; };
		B422A4CB2758253B00AD5512 /* ArrayExtensions.swift in Sources */ = {isa = PBXBuildFile; fileRef = B422A4CA2758253B00AD5512 /* ArrayExtensions.swift */; };
		B422A4CD27582AF500AD5512 /* ColorExtensions.swift in Sources */ = {isa = PBXBuildFile; fileRef = B422A4CC27582AF500AD5512 /* ColorExtensions.swift */; };
		B422A4CF27582D8200AD5512 /* InputHelper.swift in Sources */ = {isa = PBXBuildFile; fileRef = B422A4CE27582D8200AD5512 /* InputHelper.swift */; };
		B4268EDC2763F491004672ED /* day10.txt in Resources */ = {isa = PBXBuildFile; fileRef = B4268EDB2763F491004672ED /* day10.txt */; };
		B4268EDF2763F4BA004672ED /* Day10.swift in Sources */ = {isa = PBXBuildFile; fileRef = B4268EDE2763F4BA004672ED /* Day10.swift */; };
		B43B938D2765011000BEF24D /* day11.txt in Resources */ = {isa = PBXBuildFile; fileRef = B43B938C2765011000BEF24D /* day11.txt */; };
		B43B93902765013400BEF24D /* Day11.swift in Sources */ = {isa = PBXBuildFile; fileRef = B43B938F2765013400BEF24D /* Day11.swift */; };
		B4508595276566B10045949F /* Day2.swift in Sources */ = {isa = PBXBuildFile; fileRef = B4508594276566B10045949F /* Day2.swift */; };
		B4508597276566C40045949F /* Day1.swift in Sources */ = {isa = PBXBuildFile; fileRef = B4508596276566C40045949F /* Day1.swift */; };
		B456C3D7276130E700645B64 /* day8.txt in Resources */ = {isa = PBXBuildFile; fileRef = B456C3D6276130E700645B64 /* day8.txt */; };
		B456C3DA2761312400645B64 /* Day8.swift in Sources */ = {isa = PBXBuildFile; fileRef = B456C3D92761312400645B64 /* Day8.swift */; };
		B456C3DC276142F700645B64 /* Day8SolutionView.swift in Sources */ = {isa = PBXBuildFile; fileRef = B456C3DB276142F700645B64 /* Day8SolutionView.swift */; };
		B4AE9E63275DFA190083E083 /* day6.txt in Resources */ = {isa = PBXBuildFile; fileRef = B4AE9E62275DFA190083E083 /* day6.txt */; };
		B4AE9E65275DFA320083E083 /* Day6.swift in Sources */ = {isa = PBXBuildFile; fileRef = B4AE9E64275DFA320083E083 /* Day6.swift */; };
		B4AE9E67275EA4580083E083 /* Day6SolutionView.swift in Sources */ = {isa = PBXBuildFile; fileRef = B4AE9E66275EA4580083E083 /* Day6SolutionView.swift */; };
		B4AE9E6A275F4D150083E083 /* Day7.swift in Sources */ = {isa = PBXBuildFile; fileRef = B4AE9E69275F4D150083E083 /* Day7.swift */; };
		B4AE9E6C275F4D6F0083E083 /* day7.txt in Resources */ = {isa = PBXBuildFile; fileRef = B4AE9E6B275F4D6F0083E083 /* day7.txt */; };
		B4DA09212758D3C4006CBB8A /* day2.txt in Resources */ = {isa = PBXBuildFile; fileRef = B4DA09202758D3C4006CBB8A /* day2.txt */; };
		B4DA09242758D410006CBB8A /* CourseEntry.swift in Sources */ = {isa = PBXBuildFile; fileRef = B4DA09232758D410006CBB8A /* CourseEntry.swift */; };
		B4DA092627596C46006CBB8A /* DivePathView.swift in Sources */ = {isa = PBXBuildFile; fileRef = B4DA092527596C46006CBB8A /* DivePathView.swift */; };
		B4DA0929275A6788006CBB8A /* day3.txt in Resources */ = {isa = PBXBuildFile; fileRef = B4DA0928275A6788006CBB8A /* day3.txt */; };
		B4DA092B275A736A006CBB8A /* Day3.swift in Sources */ = {isa = PBXBuildFile; fileRef = B4DA092A275A736A006CBB8A /* Day3.swift */; };
		B4DA092D275A94F6006CBB8A /* Day3SolutionView.swift in Sources */ = {isa = PBXBuildFile; fileRef = B4DA092C275A94F6006CBB8A /* Day3SolutionView.swift */; };
		B4DA092F275BE07E006CBB8A /* day4.txt in Resources */ = {isa = PBXBuildFile; fileRef = B4DA092E275BE07E006CBB8A /* day4.txt */; };
		B4DA0932275BE0C2006CBB8A /* Day4.swift in Sources */ = {isa = PBXBuildFile; fileRef = B4DA0931275BE0C2006CBB8A /* Day4.swift */; };
		B4DA0934275BF036006CBB8A /* Day4SolutionView.swift in Sources */ = {isa = PBXBuildFile; fileRef = B4DA0933275BF036006CBB8A /* Day4SolutionView.swift */; };
		B4E9E539275FC5E600C0F530 /* Day7SolutionView.swift in Sources */ = {isa = PBXBuildFile; fileRef = B4E9E538275FC5E600C0F530 /* Day7SolutionView.swift */; };
		B4FF467A2762A07500F464DA /* day9.txt in Resources */ = {isa = PBXBuildFile; fileRef = B4FF46792762A07500F464DA /* day9.txt */; };
		B4FF467D2762A09900F464DA /* Day9.swift in Sources */ = {isa = PBXBuildFile; fileRef = B4FF467C2762A09900F464DA /* Day9.swift */; };
/* End PBXBuildFile section */

/* Begin PBXFileReference section */
		B409F3EC275CD9F000AB5E85 /* day5.txt */ = {isa = PBXFileReference; lastKnownFileType = text; path = day5.txt; sourceTree = "<group>"; };
		B409F3EF275CDA6100AB5E85 /* Day5.swift */ = {isa = PBXFileReference; lastKnownFileType = sourcecode.swift; path = Day5.swift; sourceTree = "<group>"; };
		B409F3F1275CEA6500AB5E85 /* ThermalVentsView.swift */ = {isa = PBXFileReference; lastKnownFileType = sourcecode.swift; path = ThermalVentsView.swift; sourceTree = "<group>"; };
		B409F3F3275CF1FC00AB5E85 /* Day5SolutionView.swift */ = {isa = PBXFileReference; lastKnownFileType = sourcecode.swift; path = Day5SolutionView.swift; sourceTree = "<group>"; };
		B409F3F5275CFCFC00AB5E85 /* ThermalVentCollectionViewCell.swift */ = {isa = PBXFileReference; lastKnownFileType = sourcecode.swift; path = ThermalVentCollectionViewCell.swift; sourceTree = "<group>"; };
		B409F3F6275CFCFC00AB5E85 /* ThermalVentCollectionViewCell.xib */ = {isa = PBXFileReference; lastKnownFileType = file.xib; path = ThermalVentCollectionViewCell.xib; sourceTree = "<group>"; };
		B422A4B327580AB200AD5512 /* AoC2021.app */ = {isa = PBXFileReference; explicitFileType = wrapper.application; includeInIndex = 0; path = AoC2021.app; sourceTree = BUILT_PRODUCTS_DIR; };
		B422A4B627580AB200AD5512 /* AoC2021App.swift */ = {isa = PBXFileReference; lastKnownFileType = sourcecode.swift; path = AoC2021App.swift; sourceTree = "<group>"; };
		B422A4BA27580AB300AD5512 /* Assets.xcassets */ = {isa = PBXFileReference; lastKnownFileType = folder.assetcatalog; path = Assets.xcassets; sourceTree = "<group>"; };
		B422A4BD27580AB300AD5512 /* Preview Assets.xcassets */ = {isa = PBXFileReference; lastKnownFileType = folder.assetcatalog; path = "Preview Assets.xcassets"; sourceTree = "<group>"; };
		B422A4C427580AB900AD5512 /* AoC2021.entitlements */ = {isa = PBXFileReference; lastKnownFileType = text.plist.entitlements; path = AoC2021.entitlements; sourceTree = "<group>"; };
		B422A4C627580B6200AD5512 /* SonarSweepView.swift */ = {isa = PBXFileReference; lastKnownFileType = sourcecode.swift; path = SonarSweepView.swift; sourceTree = "<group>"; };
		B422A4C8275811F200AD5512 /* day1.txt */ = {isa = PBXFileReference; lastKnownFileType = text; path = day1.txt; sourceTree = "<group>"; };
		B422A4CA2758253B00AD5512 /* ArrayExtensions.swift */ = {isa = PBXFileReference; lastKnownFileType = sourcecode.swift; path = ArrayExtensions.swift; sourceTree = "<group>"; };
		B422A4CC27582AF500AD5512 /* ColorExtensions.swift */ = {isa = PBXFileReference; lastKnownFileType = sourcecode.swift; path = ColorExtensions.swift; sourceTree = "<group>"; };
		B422A4CE27582D8200AD5512 /* InputHelper.swift */ = {isa = PBXFileReference; lastKnownFileType = sourcecode.swift; path = InputHelper.swift; sourceTree = "<group>"; };
		B4268EDB2763F491004672ED /* day10.txt */ = {isa = PBXFileReference; lastKnownFileType = text; path = day10.txt; sourceTree = "<group>"; };
		B4268EDE2763F4BA004672ED /* Day10.swift */ = {isa = PBXFileReference; lastKnownFileType = sourcecode.swift; path = Day10.swift; sourceTree = "<group>"; };
		B43B938C2765011000BEF24D /* day11.txt */ = {isa = PBXFileReference; lastKnownFileType = text; path = day11.txt; sourceTree = "<group>"; };
		B43B938F2765013400BEF24D /* Day11.swift */ = {isa = PBXFileReference; lastKnownFileType = sourcecode.swift; path = Day11.swift; sourceTree = "<group>"; };
		B4508594276566B10045949F /* Day2.swift */ = {isa = PBXFileReference; lastKnownFileType = sourcecode.swift; path = Day2.swift; sourceTree = "<group>"; };
		B4508596276566C40045949F /* Day1.swift */ = {isa = PBXFileReference; lastKnownFileType = sourcecode.swift; path = Day1.swift; sourceTree = "<group>"; };
		B456C3D6276130E700645B64 /* day8.txt */ = {isa = PBXFileReference; lastKnownFileType = text; path = day8.txt; sourceTree = "<group>"; };
		B456C3D92761312400645B64 /* Day8.swift */ = {isa = PBXFileReference; lastKnownFileType = sourcecode.swift; path = Day8.swift; sourceTree = "<group>"; };
		B456C3DB276142F700645B64 /* Day8SolutionView.swift */ = {isa = PBXFileReference; lastKnownFileType = sourcecode.swift; path = Day8SolutionView.swift; sourceTree = "<group>"; };
		B4AE9E62275DFA190083E083 /* day6.txt */ = {isa = PBXFileReference; lastKnownFileType = text; path = day6.txt; sourceTree = "<group>"; };
		B4AE9E64275DFA320083E083 /* Day6.swift */ = {isa = PBXFileReference; lastKnownFileType = sourcecode.swift; path = Day6.swift; sourceTree = "<group>"; };
		B4AE9E66275EA4580083E083 /* Day6SolutionView.swift */ = {isa = PBXFileReference; lastKnownFileType = sourcecode.swift; path = Day6SolutionView.swift; sourceTree = "<group>"; };
		B4AE9E69275F4D150083E083 /* Day7.swift */ = {isa = PBXFileReference; lastKnownFileType = sourcecode.swift; path = Day7.swift; sourceTree = "<group>"; };
		B4AE9E6B275F4D6F0083E083 /* day7.txt */ = {isa = PBXFileReference; lastKnownFileType = text; path = day7.txt; sourceTree = "<group>"; };
		B4DA09202758D3C4006CBB8A /* day2.txt */ = {isa = PBXFileReference; lastKnownFileType = text; path = day2.txt; sourceTree = "<group>"; };
		B4DA09232758D410006CBB8A /* CourseEntry.swift */ = {isa = PBXFileReference; lastKnownFileType = sourcecode.swift; path = CourseEntry.swift; sourceTree = "<group>"; };
		B4DA092527596C46006CBB8A /* DivePathView.swift */ = {isa = PBXFileReference; lastKnownFileType = sourcecode.swift; path = DivePathView.swift; sourceTree = "<group>"; };
		B4DA0928275A6788006CBB8A /* day3.txt */ = {isa = PBXFileReference; lastKnownFileType = text; path = day3.txt; sourceTree = "<group>"; };
		B4DA092A275A736A006CBB8A /* Day3.swift */ = {isa = PBXFileReference; lastKnownFileType = sourcecode.swift; path = Day3.swift; sourceTree = "<group>"; };
		B4DA092C275A94F6006CBB8A /* Day3SolutionView.swift */ = {isa = PBXFileReference; lastKnownFileType = sourcecode.swift; path = Day3SolutionView.swift; sourceTree = "<group>"; };
		B4DA092E275BE07E006CBB8A /* day4.txt */ = {isa = PBXFileReference; lastKnownFileType = text; path = day4.txt; sourceTree = "<group>"; };
		B4DA0931275BE0C2006CBB8A /* Day4.swift */ = {isa = PBXFileReference; lastKnownFileType = sourcecode.swift; path = Day4.swift; sourceTree = "<group>"; };
		B4DA0933275BF036006CBB8A /* Day4SolutionView.swift */ = {isa = PBXFileReference; lastKnownFileType = sourcecode.swift; path = Day4SolutionView.swift; sourceTree = "<group>"; };
		B4E9E538275FC5E600C0F530 /* Day7SolutionView.swift */ = {isa = PBXFileReference; lastKnownFileType = sourcecode.swift; path = Day7SolutionView.swift; sourceTree = "<group>"; };
		B4FF46792762A07500F464DA /* day9.txt */ = {isa = PBXFileReference; lastKnownFileType = text; path = day9.txt; sourceTree = "<group>"; };
		B4FF467C2762A09900F464DA /* Day9.swift */ = {isa = PBXFileReference; lastKnownFileType = sourcecode.swift; path = Day9.swift; sourceTree = "<group>"; };
/* End PBXFileReference section */

/* Begin PBXFrameworksBuildPhase section */
		B422A4B027580AB200AD5512 /* Frameworks */ = {
			isa = PBXFrameworksBuildPhase;
			buildActionMask = 2147483647;
			files = (
			);
			runOnlyForDeploymentPostprocessing = 0;
		};
/* End PBXFrameworksBuildPhase section */

/* Begin PBXGroup section */
		B409F3EE275CDA4200AB5E85 /* Day5 */ = {
			isa = PBXGroup;
			children = (
				B409F3EF275CDA6100AB5E85 /* Day5.swift */,
				B409F3F1275CEA6500AB5E85 /* ThermalVentsView.swift */,
				B409F3F3275CF1FC00AB5E85 /* Day5SolutionView.swift */,
				B409F3F5275CFCFC00AB5E85 /* ThermalVentCollectionViewCell.swift */,
				B409F3F6275CFCFC00AB5E85 /* ThermalVentCollectionViewCell.xib */,
			);
			path = Day5;
			sourceTree = "<group>";
		};
		B422A4AA27580AB200AD5512 = {
			isa = PBXGroup;
			children = (
				B422A4B527580AB200AD5512 /* AoC2021 */,
				B422A4B427580AB200AD5512 /* Products */,
			);
			sourceTree = "<group>";
		};
		B422A4B427580AB200AD5512 /* Products */ = {
			isa = PBXGroup;
			children = (
				B422A4B327580AB200AD5512 /* AoC2021.app */,
			);
			name = Products;
			sourceTree = "<group>";
		};
		B422A4B527580AB200AD5512 /* AoC2021 */ = {
			isa = PBXGroup;
			children = (
				B422A4D127582EFC00AD5512 /* Inputs */,
				B422A4D027582EC100AD5512 /* Helpers */,
				B422A4C527580AC400AD5512 /* Day1 */,
				B4DA09222758D3DF006CBB8A /* Day2 */,
				B4DA0927275A672D006CBB8A /* Day3 */,
				B4DA0930275BE0A4006CBB8A /* Day4 */,
				B409F3EE275CDA4200AB5E85 /* Day5 */,
				B4AE9E61275DFA020083E083 /* Day6 */,
				B4AE9E68275F4D070083E083 /* Day7 */,
				B456C3D8276130FF00645B64 /* Day8 */,
				B4FF467B2762A08600F464DA /* Day9 */,
				B4268EDD2763F4AA004672ED /* Day10 */,
				B43B938E2765012000BEF24D /* Day11 */,
				B422A4C427580AB900AD5512 /* AoC2021.entitlements */,
				B422A4B627580AB200AD5512 /* AoC2021App.swift */,
				B422A4BA27580AB300AD5512 /* Assets.xcassets */,
				B422A4BC27580AB300AD5512 /* Preview Content */,
			);
			path = AoC2021;
			sourceTree = "<group>";
		};
		B422A4BC27580AB300AD5512 /* Preview Content */ = {
			isa = PBXGroup;
			children = (
				B422A4BD27580AB300AD5512 /* Preview Assets.xcassets */,
			);
			path = "Preview Content";
			sourceTree = "<group>";
		};
		B422A4C527580AC400AD5512 /* Day1 */ = {
			isa = PBXGroup;
			children = (
				B4508596276566C40045949F /* Day1.swift */,
				B422A4C627580B6200AD5512 /* SonarSweepView.swift */,
			);
			path = Day1;
			sourceTree = "<group>";
		};
		B422A4D027582EC100AD5512 /* Helpers */ = {
			isa = PBXGroup;
			children = (
				B422A4CA2758253B00AD5512 /* ArrayExtensions.swift */,
				B422A4CC27582AF500AD5512 /* ColorExtensions.swift */,
				B422A4CE27582D8200AD5512 /* InputHelper.swift */,
			);
			path = Helpers;
			sourceTree = "<group>";
		};
		B422A4D127582EFC00AD5512 /* Inputs */ = {
			isa = PBXGroup;
			children = (
				B422A4C8275811F200AD5512 /* day1.txt */,
				B4DA09202758D3C4006CBB8A /* day2.txt */,
				B4DA0928275A6788006CBB8A /* day3.txt */,
				B4DA092E275BE07E006CBB8A /* day4.txt */,
				B409F3EC275CD9F000AB5E85 /* day5.txt */,
				B4AE9E62275DFA190083E083 /* day6.txt */,
				B4AE9E6B275F4D6F0083E083 /* day7.txt */,
				B456C3D6276130E700645B64 /* day8.txt */,
				B4FF46792762A07500F464DA /* day9.txt */,
				B4268EDB2763F491004672ED /* day10.txt */,
				B43B938C2765011000BEF24D /* day11.txt */,
			);
			path = Inputs;
			sourceTree = "<group>";
		};
		B4268EDD2763F4AA004672ED /* Day10 */ = {
			isa = PBXGroup;
			children = (
				B4268EDE2763F4BA004672ED /* Day10.swift */,
			);
			path = Day10;
			sourceTree = "<group>";
		};
		B43B938E2765012000BEF24D /* Day11 */ = {
			isa = PBXGroup;
			children = (
				B43B938F2765013400BEF24D /* Day11.swift */,
			);
			path = Day11;
			sourceTree = "<group>";
		};
		B456C3D8276130FF00645B64 /* Day8 */ = {
			isa = PBXGroup;
			children = (
				B456C3D92761312400645B64 /* Day8.swift */,
				B456C3DB276142F700645B64 /* Day8SolutionView.swift */,
			);
			path = Day8;
			sourceTree = "<group>";
		};
		B4AE9E61275DFA020083E083 /* Day6 */ = {
			isa = PBXGroup;
			children = (
				B4AE9E64275DFA320083E083 /* Day6.swift */,
				B4AE9E66275EA4580083E083 /* Day6SolutionView.swift */,
			);
			path = Day6;
			sourceTree = "<group>";
		};
		B4AE9E68275F4D070083E083 /* Day7 */ = {
			isa = PBXGroup;
			children = (
				B4AE9E69275F4D150083E083 /* Day7.swift */,
				B4E9E538275FC5E600C0F530 /* Day7SolutionView.swift */,
			);
			path = Day7;
			sourceTree = "<group>";
		};
		B4DA09222758D3DF006CBB8A /* Day2 */ = {
			isa = PBXGroup;
			children = (
				B4508594276566B10045949F /* Day2.swift */,
				B4DA09232758D410006CBB8A /* CourseEntry.swift */,
				B4DA092527596C46006CBB8A /* DivePathView.swift */,
			);
			path = Day2;
			sourceTree = "<group>";
		};
		B4DA0927275A672D006CBB8A /* Day3 */ = {
			isa = PBXGroup;
			children = (
				B4DA092A275A736A006CBB8A /* Day3.swift */,
				B4DA092C275A94F6006CBB8A /* Day3SolutionView.swift */,
			);
			path = Day3;
			sourceTree = "<group>";
		};
		B4DA0930275BE0A4006CBB8A /* Day4 */ = {
			isa = PBXGroup;
			children = (
				B4DA0931275BE0C2006CBB8A /* Day4.swift */,
				B4DA0933275BF036006CBB8A /* Day4SolutionView.swift */,
			);
			path = Day4;
			sourceTree = "<group>";
		};
		B4FF467B2762A08600F464DA /* Day9 */ = {
			isa = PBXGroup;
			children = (
				B4FF467C2762A09900F464DA /* Day9.swift */,
			);
			path = Day9;
			sourceTree = "<group>";
		};
/* End PBXGroup section */

/* Begin PBXNativeTarget section */
		B422A4B227580AB200AD5512 /* AoC2021 */ = {
			isa = PBXNativeTarget;
			buildConfigurationList = B422A4C127580AB300AD5512 /* Build configuration list for PBXNativeTarget "AoC2021" */;
			buildPhases = (
				B422A4AF27580AB200AD5512 /* Sources */,
				B422A4B027580AB200AD5512 /* Frameworks */,
				B422A4B127580AB200AD5512 /* Resources */,
			);
			buildRules = (
			);
			dependencies = (
			);
			name = AoC2021;
			productName = AoC2021;
			productReference = B422A4B327580AB200AD5512 /* AoC2021.app */;
			productType = "com.apple.product-type.application";
		};
/* End PBXNativeTarget section */

/* Begin PBXProject section */
		B422A4AB27580AB200AD5512 /* Project object */ = {
			isa = PBXProject;
			attributes = {
				BuildIndependentTargetsInParallel = 1;
				LastSwiftUpdateCheck = 1310;
				LastUpgradeCheck = 1310;
				TargetAttributes = {
					B422A4B227580AB200AD5512 = {
						CreatedOnToolsVersion = 13.1;
					};
				};
			};
			buildConfigurationList = B422A4AE27580AB200AD5512 /* Build configuration list for PBXProject "AoC2021" */;
			compatibilityVersion = "Xcode 13.0";
			developmentRegion = en;
			hasScannedForEncodings = 0;
			knownRegions = (
				en,
				Base,
			);
			mainGroup = B422A4AA27580AB200AD5512;
			productRefGroup = B422A4B427580AB200AD5512 /* Products */;
			projectDirPath = "";
			projectRoot = "";
			targets = (
				B422A4B227580AB200AD5512 /* AoC2021 */,
			);
		};
/* End PBXProject section */

/* Begin PBXResourcesBuildPhase section */
		B422A4B127580AB200AD5512 /* Resources */ = {
			isa = PBXResourcesBuildPhase;
			buildActionMask = 2147483647;
			files = (
				B409F3ED275CD9F000AB5E85 /* day5.txt in Resources */,
				B4FF467A2762A07500F464DA /* day9.txt in Resources */,
				B422A4BE27580AB300AD5512 /* Preview Assets.xcassets in Resources */,
				B43B938D2765011000BEF24D /* day11.txt in Resources */,
				B456C3D7276130E700645B64 /* day8.txt in Resources */,
				B409F3F8275CFCFC00AB5E85 /* ThermalVentCollectionViewCell.xib in Resources */,
				B422A4C9275811F200AD5512 /* day1.txt in Resources */,
				B4DA09212758D3C4006CBB8A /* day2.txt in Resources */,
				B4AE9E6C275F4D6F0083E083 /* day7.txt in Resources */,
				B422A4BB27580AB300AD5512 /* Assets.xcassets in Resources */,
				B4DA092F275BE07E006CBB8A /* day4.txt in Resources */,
				B4268EDC2763F491004672ED /* day10.txt in Resources */,
				B4AE9E63275DFA190083E083 /* day6.txt in Resources */,
				B4DA0929275A6788006CBB8A /* day3.txt in Resources */,
			);
			runOnlyForDeploymentPostprocessing = 0;
		};
/* End PBXResourcesBuildPhase section */

/* Begin PBXSourcesBuildPhase section */
		B422A4AF27580AB200AD5512 /* Sources */ = {
			isa = PBXSourcesBuildPhase;
			buildActionMask = 2147483647;
			files = (
				B409F3F2275CEA6500AB5E85 /* ThermalVentsView.swift in Sources */,
				B422A4C727580B6200AD5512 /* SonarSweepView.swift in Sources */,
				B4DA0932275BE0C2006CBB8A /* Day4.swift in Sources */,
				B4DA09242758D410006CBB8A /* CourseEntry.swift in Sources */,
				B422A4CD27582AF500AD5512 /* ColorExtensions.swift in Sources */,
				B456C3DC276142F700645B64 /* Day8SolutionView.swift in Sources */,
				B4508595276566B10045949F /* Day2.swift in Sources */,
				B4FF467D2762A09900F464DA /* Day9.swift in Sources */,
				B409F3F7275CFCFC00AB5E85 /* ThermalVentCollectionViewCell.swift in Sources */,
				B409F3F0275CDA6100AB5E85 /* Day5.swift in Sources */,
				B4AE9E65275DFA320083E083 /* Day6.swift in Sources */,
				B409F3F4275CF1FC00AB5E85 /* Day5SolutionView.swift in Sources */,
				B4E9E539275FC5E600C0F530 /* Day7SolutionView.swift in Sources */,
				B4DA0934275BF036006CBB8A /* Day4SolutionView.swift in Sources */,
				B456C3DA2761312400645B64 /* Day8.swift in Sources */,
				B43B93902765013400BEF24D /* Day11.swift in Sources */,
				B4508597276566C40045949F /* Day1.swift in Sources */,
				B4AE9E67275EA4580083E083 /* Day6SolutionView.swift in Sources */,
				B422A4B727580AB200AD5512 /* AoC2021App.swift in Sources */,
				B4268EDF2763F4BA004672ED /* Day10.swift in Sources */,
				B4DA092627596C46006CBB8A /* DivePathView.swift in Sources */,
				B422A4CB2758253B00AD5512 /* ArrayExtensions.swift in Sources */,
				B4DA092B275A736A006CBB8A /* Day3.swift in Sources */,
				B4DA092D275A94F6006CBB8A /* Day3SolutionView.swift in Sources */,
				B4AE9E6A275F4D150083E083 /* Day7.swift in Sources */,
				B422A4CF27582D8200AD5512 /* InputHelper.swift in Sources */,
			);
			runOnlyForDeploymentPostprocessing = 0;
		};
/* End PBXSourcesBuildPhase section */

/* Begin XCBuildConfiguration section */
		B422A4BF27580AB300AD5512 /* Debug */ = {
			isa = XCBuildConfiguration;
			buildSettings = {
				ALWAYS_SEARCH_USER_PATHS = NO;
				CLANG_ANALYZER_NONNULL = YES;
				CLANG_ANALYZER_NUMBER_OBJECT_CONVERSION = YES_AGGRESSIVE;
				CLANG_CXX_LANGUAGE_STANDARD = "gnu++17";
				CLANG_CXX_LIBRARY = "libc++";
				CLANG_ENABLE_MODULES = YES;
				CLANG_ENABLE_OBJC_ARC = YES;
				CLANG_ENABLE_OBJC_WEAK = YES;
				CLANG_WARN_BLOCK_CAPTURE_AUTORELEASING = YES;
				CLANG_WARN_BOOL_CONVERSION = YES;
				CLANG_WARN_COMMA = YES;
				CLANG_WARN_CONSTANT_CONVERSION = YES;
				CLANG_WARN_DEPRECATED_OBJC_IMPLEMENTATIONS = YES;
				CLANG_WARN_DIRECT_OBJC_ISA_USAGE = YES_ERROR;
				CLANG_WARN_DOCUMENTATION_COMMENTS = YES;
				CLANG_WARN_EMPTY_BODY = YES;
				CLANG_WARN_ENUM_CONVERSION = YES;
				CLANG_WARN_INFINITE_RECURSION = YES;
				CLANG_WARN_INT_CONVERSION = YES;
				CLANG_WARN_NON_LITERAL_NULL_CONVERSION = YES;
				CLANG_WARN_OBJC_IMPLICIT_RETAIN_SELF = YES;
				CLANG_WARN_OBJC_LITERAL_CONVERSION = YES;
				CLANG_WARN_OBJC_ROOT_CLASS = YES_ERROR;
				CLANG_WARN_QUOTED_INCLUDE_IN_FRAMEWORK_HEADER = YES;
				CLANG_WARN_RANGE_LOOP_ANALYSIS = YES;
				CLANG_WARN_STRICT_PROTOTYPES = YES;
				CLANG_WARN_SUSPICIOUS_MOVE = YES;
				CLANG_WARN_UNGUARDED_AVAILABILITY = YES_AGGRESSIVE;
				CLANG_WARN_UNREACHABLE_CODE = YES;
				CLANG_WARN__DUPLICATE_METHOD_MATCH = YES;
				COPY_PHASE_STRIP = NO;
				DEBUG_INFORMATION_FORMAT = dwarf;
				ENABLE_STRICT_OBJC_MSGSEND = YES;
				ENABLE_TESTABILITY = YES;
				GCC_C_LANGUAGE_STANDARD = gnu11;
				GCC_DYNAMIC_NO_PIC = NO;
				GCC_NO_COMMON_BLOCKS = YES;
				GCC_OPTIMIZATION_LEVEL = 0;
				GCC_PREPROCESSOR_DEFINITIONS = (
					"DEBUG=1",
					"$(inherited)",
				);
				GCC_WARN_64_TO_32_BIT_CONVERSION = YES;
				GCC_WARN_ABOUT_RETURN_TYPE = YES_ERROR;
				GCC_WARN_UNDECLARED_SELECTOR = YES;
				GCC_WARN_UNINITIALIZED_AUTOS = YES_AGGRESSIVE;
				GCC_WARN_UNUSED_FUNCTION = YES;
				GCC_WARN_UNUSED_VARIABLE = YES;
				IPHONEOS_DEPLOYMENT_TARGET = 15.0;
				MTL_ENABLE_DEBUG_INFO = INCLUDE_SOURCE;
				MTL_FAST_MATH = YES;
				ONLY_ACTIVE_ARCH = YES;
				SDKROOT = iphoneos;
				SWIFT_ACTIVE_COMPILATION_CONDITIONS = DEBUG;
				SWIFT_OPTIMIZATION_LEVEL = "-Onone";
			};
			name = Debug;
		};
		B422A4C027580AB300AD5512 /* Release */ = {
			isa = XCBuildConfiguration;
			buildSettings = {
				ALWAYS_SEARCH_USER_PATHS = NO;
				CLANG_ANALYZER_NONNULL = YES;
				CLANG_ANALYZER_NUMBER_OBJECT_CONVERSION = YES_AGGRESSIVE;
				CLANG_CXX_LANGUAGE_STANDARD = "gnu++17";
				CLANG_CXX_LIBRARY = "libc++";
				CLANG_ENABLE_MODULES = YES;
				CLANG_ENABLE_OBJC_ARC = YES;
				CLANG_ENABLE_OBJC_WEAK = YES;
				CLANG_WARN_BLOCK_CAPTURE_AUTORELEASING = YES;
				CLANG_WARN_BOOL_CONVERSION = YES;
				CLANG_WARN_COMMA = YES;
				CLANG_WARN_CONSTANT_CONVERSION = YES;
				CLANG_WARN_DEPRECATED_OBJC_IMPLEMENTATIONS = YES;
				CLANG_WARN_DIRECT_OBJC_ISA_USAGE = YES_ERROR;
				CLANG_WARN_DOCUMENTATION_COMMENTS = YES;
				CLANG_WARN_EMPTY_BODY = YES;
				CLANG_WARN_ENUM_CONVERSION = YES;
				CLANG_WARN_INFINITE_RECURSION = YES;
				CLANG_WARN_INT_CONVERSION = YES;
				CLANG_WARN_NON_LITERAL_NULL_CONVERSION = YES;
				CLANG_WARN_OBJC_IMPLICIT_RETAIN_SELF = YES;
				CLANG_WARN_OBJC_LITERAL_CONVERSION = YES;
				CLANG_WARN_OBJC_ROOT_CLASS = YES_ERROR;
				CLANG_WARN_QUOTED_INCLUDE_IN_FRAMEWORK_HEADER = YES;
				CLANG_WARN_RANGE_LOOP_ANALYSIS = YES;
				CLANG_WARN_STRICT_PROTOTYPES = YES;
				CLANG_WARN_SUSPICIOUS_MOVE = YES;
				CLANG_WARN_UNGUARDED_AVAILABILITY = YES_AGGRESSIVE;
				CLANG_WARN_UNREACHABLE_CODE = YES;
				CLANG_WARN__DUPLICATE_METHOD_MATCH = YES;
				COPY_PHASE_STRIP = NO;
				DEBUG_INFORMATION_FORMAT = "dwarf-with-dsym";
				ENABLE_NS_ASSERTIONS = NO;
				ENABLE_STRICT_OBJC_MSGSEND = YES;
				GCC_C_LANGUAGE_STANDARD = gnu11;
				GCC_NO_COMMON_BLOCKS = YES;
				GCC_WARN_64_TO_32_BIT_CONVERSION = YES;
				GCC_WARN_ABOUT_RETURN_TYPE = YES_ERROR;
				GCC_WARN_UNDECLARED_SELECTOR = YES;
				GCC_WARN_UNINITIALIZED_AUTOS = YES_AGGRESSIVE;
				GCC_WARN_UNUSED_FUNCTION = YES;
				GCC_WARN_UNUSED_VARIABLE = YES;
				IPHONEOS_DEPLOYMENT_TARGET = 15.0;
				MTL_ENABLE_DEBUG_INFO = NO;
				MTL_FAST_MATH = YES;
				SDKROOT = iphoneos;
				SWIFT_COMPILATION_MODE = wholemodule;
				SWIFT_OPTIMIZATION_LEVEL = "-O";
				VALIDATE_PRODUCT = YES;
			};
			name = Release;
		};
		B422A4C227580AB300AD5512 /* Debug */ = {
			isa = XCBuildConfiguration;
			buildSettings = {
				ASSETCATALOG_COMPILER_APPICON_NAME = AppIcon;
				ASSETCATALOG_COMPILER_GLOBAL_ACCENT_COLOR_NAME = AccentColor;
				CODE_SIGN_ENTITLEMENTS = AoC2021/AoC2021.entitlements;
				CODE_SIGN_STYLE = Automatic;
				CURRENT_PROJECT_VERSION = 1;
				DEVELOPMENT_ASSET_PATHS = "\"AoC2021/Preview Content\"";
				DEVELOPMENT_TEAM = KUSV9A2XJ8;
				ENABLE_PREVIEWS = YES;
				GENERATE_INFOPLIST_FILE = YES;
				INFOPLIST_KEY_UIApplicationSceneManifest_Generation = YES;
				INFOPLIST_KEY_UIApplicationSupportsIndirectInputEvents = YES;
				INFOPLIST_KEY_UILaunchScreen_Generation = YES;
				INFOPLIST_KEY_UISupportedInterfaceOrientations_iPad = "UIInterfaceOrientationPortrait UIInterfaceOrientationPortraitUpsideDown UIInterfaceOrientationLandscapeLeft UIInterfaceOrientationLandscapeRight";
				INFOPLIST_KEY_UISupportedInterfaceOrientations_iPhone = "UIInterfaceOrientationPortrait UIInterfaceOrientationLandscapeLeft UIInterfaceOrientationLandscapeRight";
				LD_RUNPATH_SEARCH_PATHS = (
					"$(inherited)",
					"@executable_path/Frameworks",
				);
				MARKETING_VERSION = 1.0;
				PRODUCT_BUNDLE_IDENTIFIER = be.bruggemans.jens.AoC2021;
				PRODUCT_NAME = "$(TARGET_NAME)";
				SUPPORTS_MACCATALYST = YES;
				SWIFT_EMIT_LOC_STRINGS = YES;
				SWIFT_VERSION = 5.0;
				TARGETED_DEVICE_FAMILY = "1,2";
			};
			name = Debug;
		};
		B422A4C327580AB300AD5512 /* Release */ = {
			isa = XCBuildConfiguration;
			buildSettings = {
				ASSETCATALOG_COMPILER_APPICON_NAME = AppIcon;
				ASSETCATALOG_COMPILER_GLOBAL_ACCENT_COLOR_NAME = AccentColor;
				CODE_SIGN_ENTITLEMENTS = AoC2021/AoC2021.entitlements;
				CODE_SIGN_STYLE = Automatic;
				CURRENT_PROJECT_VERSION = 1;
				DEVELOPMENT_ASSET_PATHS = "\"AoC2021/Preview Content\"";
				DEVELOPMENT_TEAM = KUSV9A2XJ8;
				ENABLE_PREVIEWS = YES;
				GENERATE_INFOPLIST_FILE = YES;
				INFOPLIST_KEY_UIApplicationSceneManifest_Generation = YES;
				INFOPLIST_KEY_UIApplicationSupportsIndirectInputEvents = YES;
				INFOPLIST_KEY_UILaunchScreen_Generation = YES;
				INFOPLIST_KEY_UISupportedInterfaceOrientations_iPad = "UIInterfaceOrientationPortrait UIInterfaceOrientationPortraitUpsideDown UIInterfaceOrientationLandscapeLeft UIInterfaceOrientationLandscapeRight";
				INFOPLIST_KEY_UISupportedInterfaceOrientations_iPhone = "UIInterfaceOrientationPortrait UIInterfaceOrientationLandscapeLeft UIInterfaceOrientationLandscapeRight";
				LD_RUNPATH_SEARCH_PATHS = (
					"$(inherited)",
					"@executable_path/Frameworks",
				);
				MARKETING_VERSION = 1.0;
				PRODUCT_BUNDLE_IDENTIFIER = be.bruggemans.jens.AoC2021;
				PRODUCT_NAME = "$(TARGET_NAME)";
				SUPPORTS_MACCATALYST = YES;
				SWIFT_EMIT_LOC_STRINGS = YES;
				SWIFT_VERSION = 5.0;
				TARGETED_DEVICE_FAMILY = "1,2";
			};
			name = Release;
		};
/* End XCBuildConfiguration section */

/* Begin XCConfigurationList section */
		B422A4AE27580AB200AD5512 /* Build configuration list for PBXProject "AoC2021" */ = {
			isa = XCConfigurationList;
			buildConfigurations = (
				B422A4BF27580AB300AD5512 /* Debug */,
				B422A4C027580AB300AD5512 /* Release */,
			);
			defaultConfigurationIsVisible = 0;
			defaultConfigurationName = Release;
		};
		B422A4C127580AB300AD5512 /* Build configuration list for PBXNativeTarget "AoC2021" */ = {
			isa = XCConfigurationList;
			buildConfigurations = (
				B422A4C227580AB300AD5512 /* Debug */,
				B422A4C327580AB300AD5512 /* Release */,
			);
			defaultConfigurationIsVisible = 0;
			defaultConfigurationName = Release;
		};
/* End XCConfigurationList section */
	};
	rootObject = B422A4AB27580AB200AD5512 /* Project object */;
}
